// !$*UTF8*$!
{
	archiveVersion = 1;
	classes = {
	};
	objectVersion = 46;
	objects = {

/* Begin PBXBuildFile section */
		903F034B1AE88C66001DFF9F /* main.cpp in Sources */ = {isa = PBXBuildFile; fileRef = 903F034A1AE88C66001DFF9F /* main.cpp */; };
		903F036F1AE88C91001DFF9F /* VRPUtils.cpp in Sources */ = {isa = PBXBuildFile; fileRef = 903F03511AE88C91001DFF9F /* VRPUtils.cpp */; };
		903F03701AE88C91001DFF9F /* VRPTSPLib.cpp in Sources */ = {isa = PBXBuildFile; fileRef = 903F03521AE88C91001DFF9F /* VRPTSPLib.cpp */; };
		903F03711AE88C91001DFF9F /* VRPTabuList.cpp in Sources */ = {isa = PBXBuildFile; fileRef = 903F03531AE88C91001DFF9F /* VRPTabuList.cpp */; };
		903F03721AE88C91001DFF9F /* VRPSolvers.cpp in Sources */ = {isa = PBXBuildFile; fileRef = 903F03541AE88C91001DFF9F /* VRPSolvers.cpp */; };
		903F03731AE88C91001DFF9F /* VRPSolution.cpp in Sources */ = {isa = PBXBuildFile; fileRef = 903F03551AE88C91001DFF9F /* VRPSolution.cpp */; };
		903F03741AE88C91001DFF9F /* VRPRoute.cpp in Sources */ = {isa = PBXBuildFile; fileRef = 903F03561AE88C91001DFF9F /* VRPRoute.cpp */; };
		903F03751AE88C91001DFF9F /* VRPNode.cpp in Sources */ = {isa = PBXBuildFile; fileRef = 903F03571AE88C91001DFF9F /* VRPNode.cpp */; };
		903F03761AE88C91001DFF9F /* VRPMove.cpp in Sources */ = {isa = PBXBuildFile; fileRef = 903F03581AE88C91001DFF9F /* VRPMove.cpp */; };
		903F03771AE88C91001DFF9F /* VRPIO.cpp in Sources */ = {isa = PBXBuildFile; fileRef = 903F03591AE88C91001DFF9F /* VRPIO.cpp */; };
		903F03781AE88C91001DFF9F /* VRPGraphics.cpp in Sources */ = {isa = PBXBuildFile; fileRef = 903F035A1AE88C91001DFF9F /* VRPGraphics.cpp */; };
		903F03791AE88C91001DFF9F /* VRPGenerator.cpp in Sources */ = {isa = PBXBuildFile; fileRef = 903F035B1AE88C91001DFF9F /* VRPGenerator.cpp */; };
		903F037A1AE88C91001DFF9F /* VRPDebug.cpp in Sources */ = {isa = PBXBuildFile; fileRef = 903F035C1AE88C91001DFF9F /* VRPDebug.cpp */; };
		903F037B1AE88C91001DFF9F /* VRP.cpp in Sources */ = {isa = PBXBuildFile; fileRef = 903F035D1AE88C91001DFF9F /* VRP.cpp */; };
		903F037C1AE88C91001DFF9F /* TwoPointMove.cpp in Sources */ = {isa = PBXBuildFile; fileRef = 903F035E1AE88C91001DFF9F /* TwoPointMove.cpp */; };
		903F037D1AE88C91001DFF9F /* TwoOpt.cpp in Sources */ = {isa = PBXBuildFile; fileRef = 903F035F1AE88C91001DFF9F /* TwoOpt.cpp */; };
		903F037E1AE88C91001DFF9F /* ThreePointMove.cpp in Sources */ = {isa = PBXBuildFile; fileRef = 903F03601AE88C91001DFF9F /* ThreePointMove.cpp */; };
		903F037F1AE88C91001DFF9F /* ThreeOpt.cpp in Sources */ = {isa = PBXBuildFile; fileRef = 903F03611AE88C91001DFF9F /* ThreeOpt.cpp */; };
		903F03801AE88C91001DFF9F /* Sweep.cpp in Sources */ = {isa = PBXBuildFile; fileRef = 903F03621AE88C91001DFF9F /* Sweep.cpp */; };
		903F03811AE88C91001DFF9F /* SwapEnds.cpp in Sources */ = {isa = PBXBuildFile; fileRef = 903F03631AE88C91001DFF9F /* SwapEnds.cpp */; };
		903F03821AE88C91001DFF9F /* Swap.cpp in Sources */ = {isa = PBXBuildFile; fileRef = 903F03641AE88C91001DFF9F /* Swap.cpp */; };
		903F03831AE88C91001DFF9F /* RNG.cpp in Sources */ = {isa = PBXBuildFile; fileRef = 903F03651AE88C91001DFF9F /* RNG.cpp */; };
		903F03841AE88C91001DFF9F /* Presert.cpp in Sources */ = {isa = PBXBuildFile; fileRef = 903F03661AE88C91001DFF9F /* Presert.cpp */; };
		903F03851AE88C91001DFF9F /* Postsert.cpp in Sources */ = {isa = PBXBuildFile; fileRef = 903F03671AE88C91001DFF9F /* Postsert.cpp */; };
		903F03861AE88C91001DFF9F /* OrOpt.cpp in Sources */ = {isa = PBXBuildFile; fileRef = 903F03681AE88C91001DFF9F /* OrOpt.cpp */; };
		903F03871AE88C91001DFF9F /* OnePointMove.cpp in Sources */ = {isa = PBXBuildFile; fileRef = 903F03691AE88C91001DFF9F /* OnePointMove.cpp */; };
		903F03881AE88C91001DFF9F /* MoveString.cpp in Sources */ = {isa = PBXBuildFile; fileRef = 903F036A1AE88C91001DFF9F /* MoveString.cpp */; };
		903F03891AE88C91001DFF9F /* Flip.cpp in Sources */ = {isa = PBXBuildFile; fileRef = 903F036B1AE88C91001DFF9F /* Flip.cpp */; };
		903F038A1AE88C91001DFF9F /* CrossExchange.cpp in Sources */ = {isa = PBXBuildFile; fileRef = 903F036C1AE88C91001DFF9F /* CrossExchange.cpp */; };
		903F038B1AE88C91001DFF9F /* Concatenate.cpp in Sources */ = {isa = PBXBuildFile; fileRef = 903F036D1AE88C91001DFF9F /* Concatenate.cpp */; };
		903F038C1AE88C91001DFF9F /* ClarkeWright.cpp in Sources */ = {isa = PBXBuildFile; fileRef = 903F036E1AE88C91001DFF9F /* ClarkeWright.cpp */; };
		90806AF61AEDA140008D544A /*  in Sources */ = {isa = PBXBuildFile; fileRef = 90806AF41AEDA140008D544A /*  */; };
		90806AF91AEDCBDB008D544A /* Utilities.cpp in Sources */ = {isa = PBXBuildFile; fileRef = 90806AF71AEDCBDB008D544A /* Utilities.cpp */; };
		90806AFC1AF04D09008D544A /* Solver.cpp in Sources */ = {isa = PBXBuildFile; fileRef = 90806AFA1AF04D09008D544A /* Solver.cpp */; };
		90806B001AF05743008D544A /* ModifiedVRPH.cpp in Sources */ = {isa = PBXBuildFile; fileRef = 90806AFF1AF05743008D544A /* ModifiedVRPH.cpp */; };
		90806B021AF482EC008D544A /* SimAnnealingAlgorithm.cpp in Sources */ = {isa = PBXBuildFile; fileRef = 90806B011AF482EC008D544A /* SimAnnealingAlgorithm.cpp */; };
		90806B041AF6C8AB008D544A /* ModifiedPresert.cpp in Sources */ = {isa = PBXBuildFile; fileRef = 90806B031AF6C8AB008D544A /* ModifiedPresert.cpp */; };
		90806B061AF6D3D4008D544A /* ModifiedPostsert.cpp in Sources */ = {isa = PBXBuildFile; fileRef = 90806B051AF6D3D4008D544A /* ModifiedPostsert.cpp */; };
		90806B081AF6D743008D544A /* ModifiedOnePointMove.cpp in Sources */ = {isa = PBXBuildFile; fileRef = 90806B071AF6D742008D544A /* ModifiedOnePointMove.cpp */; };
		90806B0A1AF6E6EA008D544A /* ModifiedTwoPointMove.cpp in Sources */ = {isa = PBXBuildFile; fileRef = 90806B091AF6E6EA008D544A /* ModifiedTwoPointMove.cpp */; };
		90806B0C1AF6FC68008D544A /* ModifiedSwap.cpp in Sources */ = {isa = PBXBuildFile; fileRef = 90806B0B1AF6FC68008D544A /* ModifiedSwap.cpp */; };
		90806B0E1AF708B9008D544A /* ModifiedFlip.cpp in Sources */ = {isa = PBXBuildFile; fileRef = 90806B0D1AF708B9008D544A /* ModifiedFlip.cpp */; };
		90806B101AF71303008D544A /* DummyOperation.cpp in Sources */ = {isa = PBXBuildFile; fileRef = 90806B0F1AF71302008D544A /* DummyOperation.cpp */; };
		90806B121AF732D6008D544A /* ModifiedSwapEnds.cpp in Sources */ = {isa = PBXBuildFile; fileRef = 90806B111AF732D6008D544A /* ModifiedSwapEnds.cpp */; };
/* End PBXBuildFile section */

/* Begin PBXCopyFilesBuildPhase section */
		903F03451AE88C66001DFF9F /* CopyFiles */ = {
			isa = PBXCopyFilesBuildPhase;
			buildActionMask = 2147483647;
			dstPath = /usr/share/man/man1/;
			dstSubfolderSpec = 0;
			files = (
			);
			runOnlyForDeploymentPostprocessing = 1;
		};
/* End PBXCopyFilesBuildPhase section */

/* Begin PBXFileReference section */
		903F03471AE88C66001DFF9F /* VRPD */ = {isa = PBXFileReference; explicitFileType = "compiled.mach-o.executable"; includeInIndex = 0; path = VRPD; sourceTree = BUILT_PRODUCTS_DIR; };
		903F034A1AE88C66001DFF9F /* main.cpp */ = {isa = PBXFileReference; lastKnownFileType = sourcecode.cpp.cpp; path = main.cpp; sourceTree = "<group>"; };
		903F03511AE88C91001DFF9F /* VRPUtils.cpp */ = {isa = PBXFileReference; fileEncoding = 4; lastKnownFileType = sourcecode.cpp.cpp; name = VRPUtils.cpp; path = "../VRPH-1.0.0/src/VRPUtils.cpp"; sourceTree = "<group>"; };
		903F03521AE88C91001DFF9F /* VRPTSPLib.cpp */ = {isa = PBXFileReference; fileEncoding = 4; lastKnownFileType = sourcecode.cpp.cpp; name = VRPTSPLib.cpp; path = "../VRPH-1.0.0/src/VRPTSPLib.cpp"; sourceTree = "<group>"; };
		903F03531AE88C91001DFF9F /* VRPTabuList.cpp */ = {isa = PBXFileReference; fileEncoding = 4; lastKnownFileType = sourcecode.cpp.cpp; name = VRPTabuList.cpp; path = "../VRPH-1.0.0/src/VRPTabuList.cpp"; sourceTree = "<group>"; };
		903F03541AE88C91001DFF9F /* VRPSolvers.cpp */ = {isa = PBXFileReference; fileEncoding = 4; lastKnownFileType = sourcecode.cpp.cpp; name = VRPSolvers.cpp; path = "../VRPH-1.0.0/src/VRPSolvers.cpp"; sourceTree = "<group>"; };
		903F03551AE88C91001DFF9F /* VRPSolution.cpp */ = {isa = PBXFileReference; fileEncoding = 4; lastKnownFileType = sourcecode.cpp.cpp; name = VRPSolution.cpp; path = "../VRPH-1.0.0/src/VRPSolution.cpp"; sourceTree = "<group>"; };
		903F03561AE88C91001DFF9F /* VRPRoute.cpp */ = {isa = PBXFileReference; fileEncoding = 4; lastKnownFileType = sourcecode.cpp.cpp; name = VRPRoute.cpp; path = "../VRPH-1.0.0/src/VRPRoute.cpp"; sourceTree = "<group>"; };
		903F03571AE88C91001DFF9F /* VRPNode.cpp */ = {isa = PBXFileReference; fileEncoding = 4; lastKnownFileType = sourcecode.cpp.cpp; name = VRPNode.cpp; path = "../VRPH-1.0.0/src/VRPNode.cpp"; sourceTree = "<group>"; };
		903F03581AE88C91001DFF9F /* VRPMove.cpp */ = {isa = PBXFileReference; fileEncoding = 4; lastKnownFileType = sourcecode.cpp.cpp; name = VRPMove.cpp; path = "../VRPH-1.0.0/src/VRPMove.cpp"; sourceTree = "<group>"; };
		903F03591AE88C91001DFF9F /* VRPIO.cpp */ = {isa = PBXFileReference; fileEncoding = 4; lastKnownFileType = sourcecode.cpp.cpp; name = VRPIO.cpp; path = "../VRPH-1.0.0/src/VRPIO.cpp"; sourceTree = "<group>"; };
		903F035A1AE88C91001DFF9F /* VRPGraphics.cpp */ = {isa = PBXFileReference; fileEncoding = 4; lastKnownFileType = sourcecode.cpp.cpp; name = VRPGraphics.cpp; path = "../VRPH-1.0.0/src/VRPGraphics.cpp"; sourceTree = "<group>"; };
		903F035B1AE88C91001DFF9F /* VRPGenerator.cpp */ = {isa = PBXFileReference; fileEncoding = 4; lastKnownFileType = sourcecode.cpp.cpp; name = VRPGenerator.cpp; path = "../VRPH-1.0.0/src/VRPGenerator.cpp"; sourceTree = "<group>"; };
		903F035C1AE88C91001DFF9F /* VRPDebug.cpp */ = {isa = PBXFileReference; fileEncoding = 4; lastKnownFileType = sourcecode.cpp.cpp; name = VRPDebug.cpp; path = "../VRPH-1.0.0/src/VRPDebug.cpp"; sourceTree = "<group>"; };
		903F035D1AE88C91001DFF9F /* VRP.cpp */ = {isa = PBXFileReference; fileEncoding = 4; lastKnownFileType = sourcecode.cpp.cpp; name = VRP.cpp; path = "../VRPH-1.0.0/src/VRP.cpp"; sourceTree = "<group>"; };
		903F035E1AE88C91001DFF9F /* TwoPointMove.cpp */ = {isa = PBXFileReference; fileEncoding = 4; lastKnownFileType = sourcecode.cpp.cpp; name = TwoPointMove.cpp; path = "../VRPH-1.0.0/src/TwoPointMove.cpp"; sourceTree = "<group>"; };
		903F035F1AE88C91001DFF9F /* TwoOpt.cpp */ = {isa = PBXFileReference; fileEncoding = 4; lastKnownFileType = sourcecode.cpp.cpp; name = TwoOpt.cpp; path = "../VRPH-1.0.0/src/TwoOpt.cpp"; sourceTree = "<group>"; };
		903F03601AE88C91001DFF9F /* ThreePointMove.cpp */ = {isa = PBXFileReference; fileEncoding = 4; lastKnownFileType = sourcecode.cpp.cpp; name = ThreePointMove.cpp; path = "../VRPH-1.0.0/src/ThreePointMove.cpp"; sourceTree = "<group>"; };
		903F03611AE88C91001DFF9F /* ThreeOpt.cpp */ = {isa = PBXFileReference; fileEncoding = 4; lastKnownFileType = sourcecode.cpp.cpp; name = ThreeOpt.cpp; path = "../VRPH-1.0.0/src/ThreeOpt.cpp"; sourceTree = "<group>"; };
		903F03621AE88C91001DFF9F /* Sweep.cpp */ = {isa = PBXFileReference; fileEncoding = 4; lastKnownFileType = sourcecode.cpp.cpp; name = Sweep.cpp; path = "../VRPH-1.0.0/src/Sweep.cpp"; sourceTree = "<group>"; };
		903F03631AE88C91001DFF9F /* SwapEnds.cpp */ = {isa = PBXFileReference; fileEncoding = 4; lastKnownFileType = sourcecode.cpp.cpp; name = SwapEnds.cpp; path = "../VRPH-1.0.0/src/SwapEnds.cpp"; sourceTree = "<group>"; };
		903F03641AE88C91001DFF9F /* Swap.cpp */ = {isa = PBXFileReference; fileEncoding = 4; lastKnownFileType = sourcecode.cpp.cpp; name = Swap.cpp; path = "../VRPH-1.0.0/src/Swap.cpp"; sourceTree = "<group>"; };
		903F03651AE88C91001DFF9F /* RNG.cpp */ = {isa = PBXFileReference; fileEncoding = 4; lastKnownFileType = sourcecode.cpp.cpp; name = RNG.cpp; path = "../VRPH-1.0.0/src/RNG.cpp"; sourceTree = "<group>"; };
		903F03661AE88C91001DFF9F /* Presert.cpp */ = {isa = PBXFileReference; fileEncoding = 4; lastKnownFileType = sourcecode.cpp.cpp; name = Presert.cpp; path = "../VRPH-1.0.0/src/Presert.cpp"; sourceTree = "<group>"; };
		903F03671AE88C91001DFF9F /* Postsert.cpp */ = {isa = PBXFileReference; fileEncoding = 4; lastKnownFileType = sourcecode.cpp.cpp; name = Postsert.cpp; path = "../VRPH-1.0.0/src/Postsert.cpp"; sourceTree = "<group>"; };
		903F03681AE88C91001DFF9F /* OrOpt.cpp */ = {isa = PBXFileReference; fileEncoding = 4; lastKnownFileType = sourcecode.cpp.cpp; name = OrOpt.cpp; path = "../VRPH-1.0.0/src/OrOpt.cpp"; sourceTree = "<group>"; };
		903F03691AE88C91001DFF9F /* OnePointMove.cpp */ = {isa = PBXFileReference; fileEncoding = 4; lastKnownFileType = sourcecode.cpp.cpp; name = OnePointMove.cpp; path = "../VRPH-1.0.0/src/OnePointMove.cpp"; sourceTree = "<group>"; };
		903F036A1AE88C91001DFF9F /* MoveString.cpp */ = {isa = PBXFileReference; fileEncoding = 4; lastKnownFileType = sourcecode.cpp.cpp; name = MoveString.cpp; path = "../VRPH-1.0.0/src/MoveString.cpp"; sourceTree = "<group>"; };
		903F036B1AE88C91001DFF9F /* Flip.cpp */ = {isa = PBXFileReference; fileEncoding = 4; lastKnownFileType = sourcecode.cpp.cpp; name = Flip.cpp; path = "../VRPH-1.0.0/src/Flip.cpp"; sourceTree = "<group>"; };
		903F036C1AE88C91001DFF9F /* CrossExchange.cpp */ = {isa = PBXFileReference; fileEncoding = 4; lastKnownFileType = sourcecode.cpp.cpp; name = CrossExchange.cpp; path = "../VRPH-1.0.0/src/CrossExchange.cpp"; sourceTree = "<group>"; };
		903F036D1AE88C91001DFF9F /* Concatenate.cpp */ = {isa = PBXFileReference; fileEncoding = 4; lastKnownFileType = sourcecode.cpp.cpp; name = Concatenate.cpp; path = "../VRPH-1.0.0/src/Concatenate.cpp"; sourceTree = "<group>"; };
		903F036E1AE88C91001DFF9F /* ClarkeWright.cpp */ = {isa = PBXFileReference; fileEncoding = 4; lastKnownFileType = sourcecode.cpp.cpp; name = ClarkeWright.cpp; path = "../VRPH-1.0.0/src/ClarkeWright.cpp"; sourceTree = "<group>"; };
		903F038D1AE88CB1001DFF9F /* VRPUtils.h */ = {isa = PBXFileReference; fileEncoding = 4; lastKnownFileType = sourcecode.c.h; name = VRPUtils.h; path = "../VRPH-1.0.0/inc/VRPUtils.h"; sourceTree = "<group>"; };
		903F038E1AE88CB1001DFF9F /* VRPTabuList.h */ = {isa = PBXFileReference; fileEncoding = 4; lastKnownFileType = sourcecode.c.h; name = VRPTabuList.h; path = "../VRPH-1.0.0/inc/VRPTabuList.h"; sourceTree = "<group>"; };
		903F038F1AE88CB1001DFF9F /* VRPSolution.h */ = {isa = PBXFileReference; fileEncoding = 4; lastKnownFileType = sourcecode.c.h; name = VRPSolution.h; path = "../VRPH-1.0.0/inc/VRPSolution.h"; sourceTree = "<group>"; };
		903F03901AE88CB1001DFF9F /* VRPRoute.h */ = {isa = PBXFileReference; fileEncoding = 4; lastKnownFileType = sourcecode.c.h; name = VRPRoute.h; path = "../VRPH-1.0.0/inc/VRPRoute.h"; sourceTree = "<group>"; };
		903F03911AE88CB1001DFF9F /* VRPNode.h */ = {isa = PBXFileReference; fileEncoding = 4; lastKnownFileType = sourcecode.c.h; name = VRPNode.h; path = "../VRPH-1.0.0/inc/VRPNode.h"; sourceTree = "<group>"; };
		903F03921AE88CB1001DFF9F /* VRPMove.h */ = {isa = PBXFileReference; fileEncoding = 4; lastKnownFileType = sourcecode.c.h; name = VRPMove.h; path = "../VRPH-1.0.0/inc/VRPMove.h"; sourceTree = "<group>"; };
		903F03931AE88CB1001DFF9F /* VRPHeuristic.h */ = {isa = PBXFileReference; fileEncoding = 4; lastKnownFileType = sourcecode.c.h; name = VRPHeuristic.h; path = "../VRPH-1.0.0/inc/VRPHeuristic.h"; sourceTree = "<group>"; };
		903F03941AE88CB1001DFF9F /* VRPH.h */ = {isa = PBXFileReference; fileEncoding = 4; lastKnownFileType = sourcecode.c.h; name = VRPH.h; path = "../VRPH-1.0.0/inc/VRPH.h"; sourceTree = "<group>"; };
		903F03951AE88CB1001DFF9F /* VRPGenerator.h */ = {isa = PBXFileReference; fileEncoding = 4; lastKnownFileType = sourcecode.c.h; name = VRPGenerator.h; path = "../VRPH-1.0.0/inc/VRPGenerator.h"; sourceTree = "<group>"; };
		903F03961AE88CB1001DFF9F /* VRPDebug.h */ = {isa = PBXFileReference; fileEncoding = 4; lastKnownFileType = sourcecode.c.h; name = VRPDebug.h; path = "../VRPH-1.0.0/inc/VRPDebug.h"; sourceTree = "<group>"; };
		903F03971AE88CB1001DFF9F /* VRPConfig.h */ = {isa = PBXFileReference; fileEncoding = 4; lastKnownFileType = sourcecode.c.h; name = VRPConfig.h; path = "../VRPH-1.0.0/inc/VRPConfig.h"; sourceTree = "<group>"; };
		903F03981AE88CB1001DFF9F /* VRP.h */ = {isa = PBXFileReference; fileEncoding = 4; lastKnownFileType = sourcecode.c.h; name = VRP.h; path = "../VRPH-1.0.0/inc/VRP.h"; sourceTree = "<group>"; };
		903F03991AE88CB1001DFF9F /* TwoPointMove.h */ = {isa = PBXFileReference; fileEncoding = 4; lastKnownFileType = sourcecode.c.h; name = TwoPointMove.h; path = "../VRPH-1.0.0/inc/TwoPointMove.h"; sourceTree = "<group>"; };
		903F039A1AE88CB1001DFF9F /* TwoOpt.h */ = {isa = PBXFileReference; fileEncoding = 4; lastKnownFileType = sourcecode.c.h; name = TwoOpt.h; path = "../VRPH-1.0.0/inc/TwoOpt.h"; sourceTree = "<group>"; };
		903F039B1AE88CB1001DFF9F /* ThreePointMove.h */ = {isa = PBXFileReference; fileEncoding = 4; lastKnownFileType = sourcecode.c.h; name = ThreePointMove.h; path = "../VRPH-1.0.0/inc/ThreePointMove.h"; sourceTree = "<group>"; };
		903F039C1AE88CB1001DFF9F /* ThreeOpt.h */ = {isa = PBXFileReference; fileEncoding = 4; lastKnownFileType = sourcecode.c.h; name = ThreeOpt.h; path = "../VRPH-1.0.0/inc/ThreeOpt.h"; sourceTree = "<group>"; };
		903F039D1AE88CB1001DFF9F /* Sweep.h */ = {isa = PBXFileReference; fileEncoding = 4; lastKnownFileType = sourcecode.c.h; name = Sweep.h; path = "../VRPH-1.0.0/inc/Sweep.h"; sourceTree = "<group>"; };
		903F039E1AE88CB1001DFF9F /* SwapEnds.h */ = {isa = PBXFileReference; fileEncoding = 4; lastKnownFileType = sourcecode.c.h; name = SwapEnds.h; path = "../VRPH-1.0.0/inc/SwapEnds.h"; sourceTree = "<group>"; };
		903F039F1AE88CB1001DFF9F /* Swap.h */ = {isa = PBXFileReference; fileEncoding = 4; lastKnownFileType = sourcecode.c.h; name = Swap.h; path = "../VRPH-1.0.0/inc/Swap.h"; sourceTree = "<group>"; };
		903F03A01AE88CB1001DFF9F /* RNG.h */ = {isa = PBXFileReference; fileEncoding = 4; lastKnownFileType = sourcecode.c.h; name = RNG.h; path = "../VRPH-1.0.0/inc/RNG.h"; sourceTree = "<group>"; };
		903F03A11AE88CB1001DFF9F /* randvals.h */ = {isa = PBXFileReference; fileEncoding = 4; lastKnownFileType = sourcecode.c.h; name = randvals.h; path = "../VRPH-1.0.0/inc/randvals.h"; sourceTree = "<group>"; };
		903F03A21AE88CB1001DFF9F /* Presert.h */ = {isa = PBXFileReference; fileEncoding = 4; lastKnownFileType = sourcecode.c.h; name = Presert.h; path = "../VRPH-1.0.0/inc/Presert.h"; sourceTree = "<group>"; };
		903F03A31AE88CB1001DFF9F /* Postsert.h */ = {isa = PBXFileReference; fileEncoding = 4; lastKnownFileType = sourcecode.c.h; name = Postsert.h; path = "../VRPH-1.0.0/inc/Postsert.h"; sourceTree = "<group>"; };
		903F03A41AE88CB1001DFF9F /* Osman.h */ = {isa = PBXFileReference; fileEncoding = 4; lastKnownFileType = sourcecode.c.h; name = Osman.h; path = "../VRPH-1.0.0/inc/Osman.h"; sourceTree = "<group>"; };
		903F03A51AE88CB1001DFF9F /* OrOpt.h */ = {isa = PBXFileReference; fileEncoding = 4; lastKnownFileType = sourcecode.c.h; name = OrOpt.h; path = "../VRPH-1.0.0/inc/OrOpt.h"; sourceTree = "<group>"; };
		903F03A61AE88CB1001DFF9F /* OnePointMove.h */ = {isa = PBXFileReference; fileEncoding = 4; lastKnownFileType = sourcecode.c.h; name = OnePointMove.h; path = "../VRPH-1.0.0/inc/OnePointMove.h"; sourceTree = "<group>"; };
		903F03A71AE88CB1001DFF9F /* MoveString.h */ = {isa = PBXFileReference; fileEncoding = 4; lastKnownFileType = sourcecode.c.h; name = MoveString.h; path = "../VRPH-1.0.0/inc/MoveString.h"; sourceTree = "<group>"; };
		903F03A81AE88CB1001DFF9F /* Flip.h */ = {isa = PBXFileReference; fileEncoding = 4; lastKnownFileType = sourcecode.c.h; name = Flip.h; path = "../VRPH-1.0.0/inc/Flip.h"; sourceTree = "<group>"; };
		903F03A91AE88CB1001DFF9F /* CrossExchange.h */ = {isa = PBXFileReference; fileEncoding = 4; lastKnownFileType = sourcecode.c.h; name = CrossExchange.h; path = "../VRPH-1.0.0/inc/CrossExchange.h"; sourceTree = "<group>"; };
		903F03AA1AE88CB1001DFF9F /* Concatenate.h */ = {isa = PBXFileReference; fileEncoding = 4; lastKnownFileType = sourcecode.c.h; name = Concatenate.h; path = "../VRPH-1.0.0/inc/Concatenate.h"; sourceTree = "<group>"; };
		903F03AB1AE88CB1001DFF9F /* ClarkeWright.h */ = {isa = PBXFileReference; fileEncoding = 4; lastKnownFileType = sourcecode.c.h; name = ClarkeWright.h; path = "../VRPH-1.0.0/inc/ClarkeWright.h"; sourceTree = "<group>"; };
		90806AF41AEDA140008D544A /*  */ = {isa = PBXFileReference; fileEncoding = 4; lastKnownFileType = folder; name = ""; sourceTree = "<group>"; };
		90806AF51AEDA140008D544A /* VRPD.h */ = {isa = PBXFileReference; fileEncoding = 4; lastKnownFileType = sourcecode.c.h; path = VRPD.h; sourceTree = "<group>"; };
		90806AF71AEDCBDB008D544A /* Utilities.cpp */ = {isa = PBXFileReference; fileEncoding = 4; lastKnownFileType = sourcecode.cpp.cpp; path = Utilities.cpp; sourceTree = "<group>"; };
		90806AF81AEDCBDB008D544A /* Utilities.h */ = {isa = PBXFileReference; fileEncoding = 4; lastKnownFileType = sourcecode.c.h; path = Utilities.h; sourceTree = "<group>"; };
		90806AFA1AF04D09008D544A /* Solver.cpp */ = {isa = PBXFileReference; fileEncoding = 4; lastKnownFileType = sourcecode.cpp.cpp; path = Solver.cpp; sourceTree = "<group>"; };
		90806AFB1AF04D09008D544A /* Solver.h */ = {isa = PBXFileReference; fileEncoding = 4; lastKnownFileType = sourcecode.c.h; path = Solver.h; sourceTree = "<group>"; };
		90806AFF1AF05743008D544A /* ModifiedVRPH.cpp */ = {isa = PBXFileReference; fileEncoding = 4; lastKnownFileType = sourcecode.cpp.cpp; path = ModifiedVRPH.cpp; sourceTree = "<group>"; };
		90806B011AF482EC008D544A /* SimAnnealingAlgorithm.cpp */ = {isa = PBXFileReference; fileEncoding = 4; lastKnownFileType = sourcecode.cpp.cpp; path = SimAnnealingAlgorithm.cpp; sourceTree = "<group>"; };
		90806B031AF6C8AB008D544A /* ModifiedPresert.cpp */ = {isa = PBXFileReference; fileEncoding = 4; lastKnownFileType = sourcecode.cpp.cpp; path = ModifiedPresert.cpp; sourceTree = "<group>"; };
		90806B051AF6D3D4008D544A /* ModifiedPostsert.cpp */ = {isa = PBXFileReference; fileEncoding = 4; lastKnownFileType = sourcecode.cpp.cpp; path = ModifiedPostsert.cpp; sourceTree = "<group>"; };
		90806B071AF6D742008D544A /* ModifiedOnePointMove.cpp */ = {isa = PBXFileReference; fileEncoding = 4; lastKnownFileType = sourcecode.cpp.cpp; path = ModifiedOnePointMove.cpp; sourceTree = "<group>"; };
		90806B091AF6E6EA008D544A /* ModifiedTwoPointMove.cpp */ = {isa = PBXFileReference; fileEncoding = 4; lastKnownFileType = sourcecode.cpp.cpp; path = ModifiedTwoPointMove.cpp; sourceTree = "<group>"; };
		90806B0B1AF6FC68008D544A /* ModifiedSwap.cpp */ = {isa = PBXFileReference; fileEncoding = 4; lastKnownFileType = sourcecode.cpp.cpp; path = ModifiedSwap.cpp; sourceTree = "<group>"; };
		90806B0D1AF708B9008D544A /* ModifiedFlip.cpp */ = {isa = PBXFileReference; fileEncoding = 4; lastKnownFileType = sourcecode.cpp.cpp; path = ModifiedFlip.cpp; sourceTree = "<group>"; };
		90806B0F1AF71302008D544A /* DummyOperation.cpp */ = {isa = PBXFileReference; fileEncoding = 4; lastKnownFileType = sourcecode.cpp.cpp; path = DummyOperation.cpp; sourceTree = "<group>"; };
		90806B111AF732D6008D544A /* ModifiedSwapEnds.cpp */ = {isa = PBXFileReference; fileEncoding = 4; lastKnownFileType = sourcecode.cpp.cpp; path = ModifiedSwapEnds.cpp; sourceTree = "<group>"; };
/* End PBXFileReference section */

/* Begin PBXFrameworksBuildPhase section */
		903F03441AE88C66001DFF9F /* Frameworks */ = {
			isa = PBXFrameworksBuildPhase;
			buildActionMask = 2147483647;
			files = (
			);
			runOnlyForDeploymentPostprocessing = 0;
		};
/* End PBXFrameworksBuildPhase section */

/* Begin PBXGroup section */
		903F033E1AE88C66001DFF9F = {
			isa = PBXGroup;
			children = (
				90806AFE1AF04D9A008D544A /* VRPD_Source */,
				90806AFD1AF04D56008D544A /* VRPD_Header */,
				903F03AE1AE88D68001DFF9F /* VRPH_App */,
				903F03AD1AE88D44001DFF9F /* VRPH_Header */,
				903F03AC1AE88CCF001DFF9F /* VRPH_Source */,
				903F03491AE88C66001DFF9F /* VRPD */,
				903F03481AE88C66001DFF9F /* Products */,
			);
			sourceTree = "<group>";
		};
		903F03481AE88C66001DFF9F /* Products */ = {
			isa = PBXGroup;
			children = (
				903F03471AE88C66001DFF9F /* VRPD */,
			);
			name = Products;
			sourceTree = "<group>";
		};
		903F03491AE88C66001DFF9F /* VRPD */ = {
			isa = PBXGroup;
			children = (
				903F034A1AE88C66001DFF9F /* main.cpp */,
			);
			name = VRPD;
			path = VRPD/source;
			sourceTree = "<group>";
		};
		903F03AC1AE88CCF001DFF9F /* VRPH_Source */ = {
			isa = PBXGroup;
			children = (
				903F03511AE88C91001DFF9F /* VRPUtils.cpp */,
				903F03521AE88C91001DFF9F /* VRPTSPLib.cpp */,
				903F03531AE88C91001DFF9F /* VRPTabuList.cpp */,
				903F03541AE88C91001DFF9F /* VRPSolvers.cpp */,
				903F03551AE88C91001DFF9F /* VRPSolution.cpp */,
				903F03561AE88C91001DFF9F /* VRPRoute.cpp */,
				903F03571AE88C91001DFF9F /* VRPNode.cpp */,
				903F03581AE88C91001DFF9F /* VRPMove.cpp */,
				903F03591AE88C91001DFF9F /* VRPIO.cpp */,
				903F035A1AE88C91001DFF9F /* VRPGraphics.cpp */,
				903F035B1AE88C91001DFF9F /* VRPGenerator.cpp */,
				903F035C1AE88C91001DFF9F /* VRPDebug.cpp */,
				903F035D1AE88C91001DFF9F /* VRP.cpp */,
				903F035E1AE88C91001DFF9F /* TwoPointMove.cpp */,
				903F035F1AE88C91001DFF9F /* TwoOpt.cpp */,
				903F03601AE88C91001DFF9F /* ThreePointMove.cpp */,
				903F03611AE88C91001DFF9F /* ThreeOpt.cpp */,
				903F03621AE88C91001DFF9F /* Sweep.cpp */,
				903F03631AE88C91001DFF9F /* SwapEnds.cpp */,
				903F03641AE88C91001DFF9F /* Swap.cpp */,
				903F03651AE88C91001DFF9F /* RNG.cpp */,
				903F03661AE88C91001DFF9F /* Presert.cpp */,
				903F03671AE88C91001DFF9F /* Postsert.cpp */,
				903F03681AE88C91001DFF9F /* OrOpt.cpp */,
				903F03691AE88C91001DFF9F /* OnePointMove.cpp */,
				903F036A1AE88C91001DFF9F /* MoveString.cpp */,
				903F036B1AE88C91001DFF9F /* Flip.cpp */,
				903F036C1AE88C91001DFF9F /* CrossExchange.cpp */,
				903F036D1AE88C91001DFF9F /* Concatenate.cpp */,
				903F036E1AE88C91001DFF9F /* ClarkeWright.cpp */,
			);
			name = VRPH_Source;
			path = "VRPH-1.0.0";
			sourceTree = "<group>";
		};
		903F03AD1AE88D44001DFF9F /* VRPH_Header */ = {
			isa = PBXGroup;
			children = (
				903F038D1AE88CB1001DFF9F /* VRPUtils.h */,
				903F038E1AE88CB1001DFF9F /* VRPTabuList.h */,
				903F038F1AE88CB1001DFF9F /* VRPSolution.h */,
				903F03901AE88CB1001DFF9F /* VRPRoute.h */,
				903F03911AE88CB1001DFF9F /* VRPNode.h */,
				903F03921AE88CB1001DFF9F /* VRPMove.h */,
				903F03931AE88CB1001DFF9F /* VRPHeuristic.h */,
				903F03941AE88CB1001DFF9F /* VRPH.h */,
				903F03951AE88CB1001DFF9F /* VRPGenerator.h */,
				903F03961AE88CB1001DFF9F /* VRPDebug.h */,
				903F03971AE88CB1001DFF9F /* VRPConfig.h */,
				903F03981AE88CB1001DFF9F /* VRP.h */,
				903F03991AE88CB1001DFF9F /* TwoPointMove.h */,
				903F039A1AE88CB1001DFF9F /* TwoOpt.h */,
				903F039B1AE88CB1001DFF9F /* ThreePointMove.h */,
				903F039C1AE88CB1001DFF9F /* ThreeOpt.h */,
				903F039D1AE88CB1001DFF9F /* Sweep.h */,
				903F039E1AE88CB1001DFF9F /* SwapEnds.h */,
				903F039F1AE88CB1001DFF9F /* Swap.h */,
				903F03A01AE88CB1001DFF9F /* RNG.h */,
				903F03A11AE88CB1001DFF9F /* randvals.h */,
				903F03A21AE88CB1001DFF9F /* Presert.h */,
				903F03A31AE88CB1001DFF9F /* Postsert.h */,
				903F03A41AE88CB1001DFF9F /* Osman.h */,
				903F03A51AE88CB1001DFF9F /* OrOpt.h */,
				903F03A61AE88CB1001DFF9F /* OnePointMove.h */,
				903F03A71AE88CB1001DFF9F /* MoveString.h */,
				903F03A81AE88CB1001DFF9F /* Flip.h */,
				903F03A91AE88CB1001DFF9F /* CrossExchange.h */,
				903F03AA1AE88CB1001DFF9F /* Concatenate.h */,
				903F03AB1AE88CB1001DFF9F /* ClarkeWright.h */,
			);
			name = VRPH_Header;
			path = "VRPH-1.0.0";
			sourceTree = "<group>";
		};
		903F03AE1AE88D68001DFF9F /* VRPH_App */ = {
			isa = PBXGroup;
			children = (
			);
			name = VRPH_App;
			sourceTree = "<group>";
		};
		90806AFD1AF04D56008D544A /* VRPD_Header */ = {
			isa = PBXGroup;
			children = (
				90806AFB1AF04D09008D544A /* Solver.h */,
				90806AF81AEDCBDB008D544A /* Utilities.h */,
				90806AF51AEDA140008D544A /* VRPD.h */,
			);
			name = VRPD_Header;
			path = VRPD/header;
			sourceTree = "<group>";
		};
		90806AFE1AF04D9A008D544A /* VRPD_Source */ = {
			isa = PBXGroup;
			children = (
				90806AF41AEDA140008D544A /*  */,
				90806B111AF732D6008D544A /* ModifiedSwapEnds.cpp */,
				90806B0F1AF71302008D544A /* DummyOperation.cpp */,
				90806B031AF6C8AB008D544A /* ModifiedPresert.cpp */,
				90806B011AF482EC008D544A /* SimAnnealingAlgorithm.cpp */,
				90806B0B1AF6FC68008D544A /* ModifiedSwap.cpp */,
				90806B0D1AF708B9008D544A /* ModifiedFlip.cpp */,
				90806B051AF6D3D4008D544A /* ModifiedPostsert.cpp */,
				90806B071AF6D742008D544A /* ModifiedOnePointMove.cpp */,
				90806B091AF6E6EA008D544A /* ModifiedTwoPointMove.cpp */,
				90806AFF1AF05743008D544A /* ModifiedVRPH.cpp */,
				90806AFA1AF04D09008D544A /* Solver.cpp */,
				90806AF71AEDCBDB008D544A /* Utilities.cpp */,
			);
			name = VRPD_Source;
			path = VRPD/source;
			sourceTree = "<group>";
		};
/* End PBXGroup section */

/* Begin PBXNativeTarget section */
		903F03461AE88C66001DFF9F /* VRPD */ = {
			isa = PBXNativeTarget;
			buildConfigurationList = 903F034E1AE88C66001DFF9F /* Build configuration list for PBXNativeTarget "VRPD" */;
			buildPhases = (
				903F03431AE88C66001DFF9F /* Sources */,
				903F03441AE88C66001DFF9F /* Frameworks */,
				903F03451AE88C66001DFF9F /* CopyFiles */,
			);
			buildRules = (
			);
			dependencies = (
			);
			name = VRPD;
			productName = VRPD;
			productReference = 903F03471AE88C66001DFF9F /* VRPD */;
			productType = "com.apple.product-type.tool";
		};
/* End PBXNativeTarget section */

/* Begin PBXProject section */
		903F033F1AE88C66001DFF9F /* Project object */ = {
			isa = PBXProject;
			attributes = {
				LastUpgradeCheck = 0630;
				ORGANIZATIONNAME = "Xiaoya Wei";
				TargetAttributes = {
					903F03461AE88C66001DFF9F = {
						CreatedOnToolsVersion = 6.3.1;
					};
				};
			};
			buildConfigurationList = 903F03421AE88C66001DFF9F /* Build configuration list for PBXProject "VRPD" */;
			compatibilityVersion = "Xcode 3.2";
			developmentRegion = English;
			hasScannedForEncodings = 0;
			knownRegions = (
				en,
			);
			mainGroup = 903F033E1AE88C66001DFF9F;
			productRefGroup = 903F03481AE88C66001DFF9F /* Products */;
			projectDirPath = "";
			projectRoot = "";
			targets = (
				903F03461AE88C66001DFF9F /* VRPD */,
			);
		};
/* End PBXProject section */

/* Begin PBXSourcesBuildPhase section */
		903F03431AE88C66001DFF9F /* Sources */ = {
			isa = PBXSourcesBuildPhase;
			buildActionMask = 2147483647;
			files = (
				903F037C1AE88C91001DFF9F /* TwoPointMove.cpp in Sources */,
				903F03781AE88C91001DFF9F /* VRPGraphics.cpp in Sources */,
				903F03811AE88C91001DFF9F /* SwapEnds.cpp in Sources */,
				903F038C1AE88C91001DFF9F /* ClarkeWright.cpp in Sources */,
				903F03711AE88C91001DFF9F /* VRPTabuList.cpp in Sources */,
				903F03701AE88C91001DFF9F /* VRPTSPLib.cpp in Sources */,
				90806B0C1AF6FC68008D544A /* ModifiedSwap.cpp in Sources */,
				903F037E1AE88C91001DFF9F /* ThreePointMove.cpp in Sources */,
				903F03771AE88C91001DFF9F /* VRPIO.cpp in Sources */,
				903F037A1AE88C91001DFF9F /* VRPDebug.cpp in Sources */,
				903F03761AE88C91001DFF9F /* VRPMove.cpp in Sources */,
				90806B0E1AF708B9008D544A /* ModifiedFlip.cpp in Sources */,
				903F03851AE88C91001DFF9F /* Postsert.cpp in Sources */,
				903F03861AE88C91001DFF9F /* OrOpt.cpp in Sources */,
				903F03821AE88C91001DFF9F /* Swap.cpp in Sources */,
				90806B0A1AF6E6EA008D544A /* ModifiedTwoPointMove.cpp in Sources */,
				90806B101AF71303008D544A /* DummyOperation.cpp in Sources */,
				903F037B1AE88C91001DFF9F /* VRP.cpp in Sources */,
				903F038B1AE88C91001DFF9F /* Concatenate.cpp in Sources */,
				90806B121AF732D6008D544A /* ModifiedSwapEnds.cpp in Sources */,
				903F037D1AE88C91001DFF9F /* TwoOpt.cpp in Sources */,
				903F037F1AE88C91001DFF9F /* ThreeOpt.cpp in Sources */,
				903F03751AE88C91001DFF9F /* VRPNode.cpp in Sources */,
				903F036F1AE88C91001DFF9F /* VRPUtils.cpp in Sources */,
				90806AF91AEDCBDB008D544A /* Utilities.cpp in Sources */,
				903F03721AE88C91001DFF9F /* VRPSolvers.cpp in Sources */,
				903F03801AE88C91001DFF9F /* Sweep.cpp in Sources */,
				90806AF61AEDA140008D544A /*  in Sources */,
				90806B001AF05743008D544A /* ModifiedVRPH.cpp in Sources */,
				90806B021AF482EC008D544A /* SimAnnealingAlgorithm.cpp in Sources */,
				903F03791AE88C91001DFF9F /* VRPGenerator.cpp in Sources */,
				903F03741AE88C91001DFF9F /* VRPRoute.cpp in Sources */,
				90806B061AF6D3D4008D544A /* ModifiedPostsert.cpp in Sources */,
				903F03881AE88C91001DFF9F /* MoveString.cpp in Sources */,
				903F03831AE88C91001DFF9F /* RNG.cpp in Sources */,
				903F038A1AE88C91001DFF9F /* CrossExchange.cpp in Sources */,
				903F03871AE88C91001DFF9F /* OnePointMove.cpp in Sources */,
				903F03891AE88C91001DFF9F /* Flip.cpp in Sources */,
				90806B041AF6C8AB008D544A /* ModifiedPresert.cpp in Sources */,
				90806B081AF6D743008D544A /* ModifiedOnePointMove.cpp in Sources */,
				90806AFC1AF04D09008D544A /* Solver.cpp in Sources */,
				903F034B1AE88C66001DFF9F /* main.cpp in Sources */,
				903F03841AE88C91001DFF9F /* Presert.cpp in Sources */,
				903F03731AE88C91001DFF9F /* VRPSolution.cpp in Sources */,
			);
			runOnlyForDeploymentPostprocessing = 0;
		};
/* End PBXSourcesBuildPhase section */

/* Begin XCBuildConfiguration section */
		903F034C1AE88C66001DFF9F /* Debug */ = {
			isa = XCBuildConfiguration;
			buildSettings = {
				ALWAYS_SEARCH_USER_PATHS = NO;
				CLANG_CXX_LANGUAGE_STANDARD = "gnu++0x";
				CLANG_CXX_LIBRARY = "libc++";
				CLANG_ENABLE_MODULES = YES;
				CLANG_ENABLE_OBJC_ARC = YES;
				CLANG_WARN_BOOL_CONVERSION = YES;
				CLANG_WARN_CONSTANT_CONVERSION = YES;
				CLANG_WARN_DIRECT_OBJC_ISA_USAGE = YES_ERROR;
				CLANG_WARN_EMPTY_BODY = YES;
				CLANG_WARN_ENUM_CONVERSION = YES;
				CLANG_WARN_INT_CONVERSION = YES;
				CLANG_WARN_OBJC_ROOT_CLASS = YES_ERROR;
				CLANG_WARN_UNREACHABLE_CODE = YES;
				CLANG_WARN__DUPLICATE_METHOD_MATCH = YES;
				COPY_PHASE_STRIP = NO;
				DEBUG_INFORMATION_FORMAT = dwarf;
				ENABLE_STRICT_OBJC_MSGSEND = YES;
				GCC_C_LANGUAGE_STANDARD = gnu99;
				GCC_DYNAMIC_NO_PIC = NO;
				GCC_NO_COMMON_BLOCKS = YES;
				GCC_OPTIMIZATION_LEVEL = 0;
				GCC_PREPROCESSOR_DEFINITIONS = (
					"DEBUG=1",
					"$(inherited)",
				);
				GCC_SYMBOLS_PRIVATE_EXTERN = NO;
				GCC_WARN_64_TO_32_BIT_CONVERSION = YES;
				GCC_WARN_ABOUT_RETURN_TYPE = YES_ERROR;
				GCC_WARN_UNDECLARED_SELECTOR = YES;
				GCC_WARN_UNINITIALIZED_AUTOS = YES_AGGRESSIVE;
				GCC_WARN_UNUSED_FUNCTION = YES;
				GCC_WARN_UNUSED_VARIABLE = YES;
				MACOSX_DEPLOYMENT_TARGET = 10.10;
				MTL_ENABLE_DEBUG_INFO = YES;
				ONLY_ACTIVE_ARCH = YES;
				SDKROOT = macosx;
			};
			name = Debug;
		};
		903F034D1AE88C66001DFF9F /* Release */ = {
			isa = XCBuildConfiguration;
			buildSettings = {
				ALWAYS_SEARCH_USER_PATHS = NO;
				CLANG_CXX_LANGUAGE_STANDARD = "gnu++0x";
				CLANG_CXX_LIBRARY = "libc++";
				CLANG_ENABLE_MODULES = YES;
				CLANG_ENABLE_OBJC_ARC = YES;
				CLANG_WARN_BOOL_CONVERSION = YES;
				CLANG_WARN_CONSTANT_CONVERSION = YES;
				CLANG_WARN_DIRECT_OBJC_ISA_USAGE = YES_ERROR;
				CLANG_WARN_EMPTY_BODY = YES;
				CLANG_WARN_ENUM_CONVERSION = YES;
				CLANG_WARN_INT_CONVERSION = YES;
				CLANG_WARN_OBJC_ROOT_CLASS = YES_ERROR;
				CLANG_WARN_UNREACHABLE_CODE = YES;
				CLANG_WARN__DUPLICATE_METHOD_MATCH = YES;
				COPY_PHASE_STRIP = NO;
				DEBUG_INFORMATION_FORMAT = "dwarf-with-dsym";
				ENABLE_NS_ASSERTIONS = NO;
				ENABLE_STRICT_OBJC_MSGSEND = YES;
				GCC_C_LANGUAGE_STANDARD = gnu99;
				GCC_NO_COMMON_BLOCKS = YES;
				GCC_WARN_64_TO_32_BIT_CONVERSION = YES;
				GCC_WARN_ABOUT_RETURN_TYPE = YES_ERROR;
				GCC_WARN_UNDECLARED_SELECTOR = YES;
				GCC_WARN_UNINITIALIZED_AUTOS = YES_AGGRESSIVE;
				GCC_WARN_UNUSED_FUNCTION = YES;
				GCC_WARN_UNUSED_VARIABLE = YES;
				MACOSX_DEPLOYMENT_TARGET = 10.10;
				MTL_ENABLE_DEBUG_INFO = NO;
				SDKROOT = macosx;
			};
			name = Release;
		};
		903F034F1AE88C66001DFF9F /* Debug */ = {
			isa = XCBuildConfiguration;
			buildSettings = {
				PRODUCT_NAME = "$(TARGET_NAME)";
			};
			name = Debug;
		};
		903F03501AE88C66001DFF9F /* Release */ = {
			isa = XCBuildConfiguration;
			buildSettings = {
				PRODUCT_NAME = "$(TARGET_NAME)";
			};
			name = Release;
		};
/* End XCBuildConfiguration section */

/* Begin XCConfigurationList section */
		903F03421AE88C66001DFF9F /* Build configuration list for PBXProject "VRPD" */ = {
			isa = XCConfigurationList;
			buildConfigurations = (
				903F034C1AE88C66001DFF9F /* Debug */,
				903F034D1AE88C66001DFF9F /* Release */,
			);
			defaultConfigurationIsVisible = 0;
			defaultConfigurationName = Release;
		};
		903F034E1AE88C66001DFF9F /* Build configuration list for PBXNativeTarget "VRPD" */ = {
			isa = XCConfigurationList;
			buildConfigurations = (
				903F034F1AE88C66001DFF9F /* Debug */,
				903F03501AE88C66001DFF9F /* Release */,
			);
			defaultConfigurationIsVisible = 0;
			defaultConfigurationName = Release;
		};
/* End XCConfigurationList section */
	};
	rootObject = 903F033F1AE88C66001DFF9F /* Project object */;
}
